schema: '2.0'
stages:
  train:
    cmd: ./build/virtualenv/bin/python src/train.py
    deps:
    - path: ./data/processed/test.csv
      md5: eac391f705cc77ea63bc2bdbba2de79c
      size: 171904
    - path: ./data/processed/train.csv
      md5: 512caa781567ed847b3ef13174e11c90
      size: 265769
    - path: src/train.py
      md5: dfde9ef663c2432dc015e436d1bd6146
      size: 2131
    params:
      params.yaml:
        train:
          kernel: rbf
          reg_param: 1.0
          poly_degree: 3
    outs:
    - path: ./models/label_encoder.pk
      md5: 039a2d2ccc3b355739528232912e4a51
      size: 255
    - path: ./results/test_preds.csv
      md5: 18cd9d70c780e85d677226f34394b627
      size: 4128
    - path: ./results/train_preds.csv
      md5: 5297ce2739f8ce078da9623958bea0ba
      size: 6190
  clean_data:
    cmd: ./build/virtualenv/bin/python src/process_data.py
    deps:
    - path: ./data/raw/SPAM text message 20170820 - Data.csv
      md5: 4566fe81ccd7961063e393a99e8ec2f1
      size: 485702
    - path: src/process_data.py
      md5: c458f135285a5cf6d23596aa5f8d3eba
      size: 605
    outs:
    - path: ./data/processed/spam_data.csv
      md5: eee15aac82d82a827923651764e84c9d
      size: 437656
  train_test_split:
    cmd: ./build/virtualenv/bin/python src/train_test_split.py
    deps:
    - path: ./data/processed/spam_data.csv
      md5: eee15aac82d82a827923651764e84c9d
      size: 437656
    - path: src/train_test_split.py
      md5: 8f3fa3afa5a3fa5b5707dfac1b626e68
      size: 972
    params:
      params.yaml:
        train_test_split:
          test_prop: 0.4
          random_state: 1337
    outs:
    - path: ./data/processed/test.csv
      md5: eac391f705cc77ea63bc2bdbba2de79c
      size: 171904
    - path: ./data/processed/train.csv
      md5: 512caa781567ed847b3ef13174e11c90
      size: 265769
  evaluate:
    cmd: ./build/virtualenv/bin/python src/evaluate.py --preds-path ./results/test_preds.csv
      --true-path ./data/processed/test.csv --label-encoder-path ./models/label_encoder.pk
      --metrics-path ./results/metrics.json
    deps:
    - path: ./data/processed/test.csv
      md5: eac391f705cc77ea63bc2bdbba2de79c
      size: 171904
    - path: ./data/processed/train.csv
      md5: 512caa781567ed847b3ef13174e11c90
      size: 265769
    - path: ./models/label_encoder.pk
      md5: 039a2d2ccc3b355739528232912e4a51
      size: 255
    - path: src/evaluate.py
      md5: 7e6cb09b87d64446248f8dbe7bfa92db
      size: 1259
    outs:
    - path: ./results/metrics.json
      md5: bc63a337522b503005a1246174ed36ec
      size: 703
  evaluate@train:
    cmd: ./build/virtualenv/bin/python src/evaluate.py --preds-path ./results/train_preds.csv
      --true-path ./data/processed/train.csv --label-encoder-path ./models/label_encoder.pk
      --metrics-path ./results/train_metrics.json
    deps:
    - path: ./data/processed/test.csv
      md5: eac391f705cc77ea63bc2bdbba2de79c
      size: 171904
    - path: ./data/processed/train.csv
      md5: 512caa781567ed847b3ef13174e11c90
      size: 265769
    - path: ./models/label_encoder.pk
      md5: 039a2d2ccc3b355739528232912e4a51
      size: 255
    - path: src/evaluate.py
      md5: 7e6cb09b87d64446248f8dbe7bfa92db
      size: 1259
    outs:
    - path: ./results/train_metrics.json
      md5: 6335010234295b05a1081556ec07c60a
      size: 674
  evaluate@test:
    cmd: ./build/virtualenv/bin/python src/evaluate.py --preds-path ./results/test_preds.csv
      --true-path ./data/processed/test.csv --label-encoder-path ./models/label_encoder.pk
      --metrics-path ./results/test_metrics.json
    deps:
    - path: ./data/processed/test.csv
      md5: eac391f705cc77ea63bc2bdbba2de79c
      size: 171904
    - path: ./data/processed/train.csv
      md5: 512caa781567ed847b3ef13174e11c90
      size: 265769
    - path: ./models/label_encoder.pk
      md5: 039a2d2ccc3b355739528232912e4a51
      size: 255
    - path: src/evaluate.py
      md5: 7e6cb09b87d64446248f8dbe7bfa92db
      size: 1259
    outs:
    - path: ./results/test_metrics.json
      md5: bc63a337522b503005a1246174ed36ec
      size: 703
